
Microsoft Visual Studio Solution File, Format Version 12.00
# Visual Studio Version 16
VisualStudioVersion = 16.0.30804.86
MinimumVisualStudioVersion = 10.0.40219.1
Project("{FAE04EC0-301F-11D3-BF4B-00C04F79EFBC}") = "TruckRentalApp", "TruckRentalApp\TruckRentalApp.csproj", "{0826FE8F-4EDA-4CE1-AAB3-4BB775784A9B}"
EndProject
Global
	GlobalSection(SolutionConfigurationPlatforms) = preSolution
		Debug|Any CPU = Debug|Any CPU
		Release|Any CPU = Release|Any CPU
	EndGlobalSection
	GlobalSection(ProjectConfigurationPlatforms) = postSolution
		{0826FE8F-4EDA-4CE1-AAB3-4BB775784A9B}.Debug|Any CPU.ActiveCfg = Debug|Any CPU
		{0826FE8F-4EDA-4CE1-AAB3-4BB775784A9B}.Debug|Any CPU.Build.0 = Debug|Any CPU
		{0826FE8F-4EDA-4CE1-AAB3-4BB775784A9B}.Release|Any CPU.ActiveCfg = Release|Any CPU
		{0826FE8F-4EDA-4CE1-AAB3-4BB775784A9B}.Release|Any CPU.Build.0 = Release|Any CPU
	EndGlobalSection
	GlobalSection(SolutionProperties) = preSolution
		HideSolutionNode = FALSE
	EndGlobalSection
	GlobalSection(ExtensibilityGlobals) = postSolution
		SolutionGuid = {11742C97-6EA5-4FDB-B7B7-96058B22E9FA}
	EndGlobalSection
EndGlobal
